// !$*UTF8*$!
{
	archiveVersion = 1;
	classes = {
	};
	objectVersion = 56;
	objects = {

/* Begin PBXBuildFile section */
		526AF8682C405409001B128D /* SnapKit-Dynamic in Frameworks */ = {isa = PBXBuildFile; productRef = 526AF8672C405409001B128D /* SnapKit-Dynamic */; };
		526AF8692C405410001B128D /* SnapKit-Dynamic in Embed Frameworks */ = {isa = PBXBuildFile; productRef = 526AF8672C405409001B128D /* SnapKit-Dynamic */; settings = {ATTRIBUTES = (CodeSignOnCopy, ); }; };
		528D8F032C32EF2A00044B79 /* AppDelegate.swift in Sources */ = {isa = PBXBuildFile; fileRef = 528D8F022C32EF2A00044B79 /* AppDelegate.swift */; };
		528D8F052C32EF2A00044B79 /* SceneDelegate.swift in Sources */ = {isa = PBXBuildFile; fileRef = 528D8F042C32EF2A00044B79 /* SceneDelegate.swift */; };
		528D8F0C2C32EF2D00044B79 /* Assets.xcassets in Resources */ = {isa = PBXBuildFile; fileRef = 528D8F0B2C32EF2D00044B79 /* Assets.xcassets */; };
		528D8F0F2C32EF2D00044B79 /* Base in Resources */ = {isa = PBXBuildFile; fileRef = 528D8F0E2C32EF2D00044B79 /* Base */; };
		528D8F1A2C32F28C00044B79 /* FlowCoordinator.swift in Sources */ = {isa = PBXBuildFile; fileRef = 528D8F192C32F28C00044B79 /* FlowCoordinator.swift */; };
		528D8F1C2C32F2BF00044B79 /* AppCoordinator.swift in Sources */ = {isa = PBXBuildFile; fileRef = 528D8F1B2C32F2BF00044B79 /* AppCoordinator.swift */; };
		528D8F1E2C32F2CB00044B79 /* AppAssemble.swift in Sources */ = {isa = PBXBuildFile; fileRef = 528D8F1D2C32F2CB00044B79 /* AppAssemble.swift */; };
		528D8F222C32F5D000044B79 /* AuthManager.swift in Sources */ = {isa = PBXBuildFile; fileRef = 528D8F212C32F5D000044B79 /* AuthManager.swift */; };
		528D8F2B2C32F76F00044B79 /* LoginViewController.swift in Sources */ = {isa = PBXBuildFile; fileRef = 528D8F272C32F76F00044B79 /* LoginViewController.swift */; };
		528D8F442C3685D000044B79 /* KeychainManager.swift in Sources */ = {isa = PBXBuildFile; fileRef = 528D8F432C3685D000044B79 /* KeychainManager.swift */; };
		D42F4EF92C37F8020085ECCA /* LoginView.swift in Sources */ = {isa = PBXBuildFile; fileRef = D42F4EF82C37F8020085ECCA /* LoginView.swift */; };
		D42F4EFB2C381CA90085ECCA /* SignInView.swift in Sources */ = {isa = PBXBuildFile; fileRef = D42F4EFA2C381CA90085ECCA /* SignInView.swift */; };
		D42F4EFD2C381ED20085ECCA /* SignInUserInfo.swift in Sources */ = {isa = PBXBuildFile; fileRef = D42F4EFC2C381ED20085ECCA /* SignInUserInfo.swift */; };
		D44163082C3C606700709BB6 /* InfoList.swift in Sources */ = {isa = PBXBuildFile; fileRef = D44163072C3C606700709BB6 /* InfoList.swift */; };
		D441630A2C3C62EB00709BB6 /* InfoListSection.swift in Sources */ = {isa = PBXBuildFile; fileRef = D44163092C3C62EB00709BB6 /* InfoListSection.swift */; };
		D445466D2C3D562800E32C14 /* UserService.swift in Sources */ = {isa = PBXBuildFile; fileRef = D44546682C3D562800E32C14 /* UserService.swift */; };
		D445466E2C3D562800E32C14 /* AuthenticationService.swift in Sources */ = {isa = PBXBuildFile; fileRef = D44546692C3D562800E32C14 /* AuthenticationService.swift */; };
		D445466F2C3D562800E32C14 /* BadgeService.swift in Sources */ = {isa = PBXBuildFile; fileRef = D445466A2C3D562800E32C14 /* BadgeService.swift */; };
		D44546702C3D562800E32C14 /* NetworkService.swift in Sources */ = {isa = PBXBuildFile; fileRef = D445466B2C3D562800E32C14 /* NetworkService.swift */; };
		D44546712C3D562800E32C14 /* ServiceProtocol.swift in Sources */ = {isa = PBXBuildFile; fileRef = D445466C2C3D562800E32C14 /* ServiceProtocol.swift */; };
		D44546742C3D6C2700E32C14 /* AuthStubs.swift in Sources */ = {isa = PBXBuildFile; fileRef = D44546732C3D6C2700E32C14 /* AuthStubs.swift */; };
		D45227E52C405279000288B6 /* EventInfoViewCell.swift in Sources */ = {isa = PBXBuildFile; fileRef = D45227E42C405279000288B6 /* EventInfoViewCell.swift */; };
		D45227E82C4052A1000288B6 /* HomeView.swift in Sources */ = {isa = PBXBuildFile; fileRef = D45227E72C4052A1000288B6 /* HomeView.swift */; };
		D45227EA2C4052B7000288B6 /* HomeViewController.swift in Sources */ = {isa = PBXBuildFile; fileRef = D45227E92C4052B7000288B6 /* HomeViewController.swift */; };
		D4537E642C4050EF00956154 /* TabBarConroller.swift in Sources */ = {isa = PBXBuildFile; fileRef = D4537E632C4050EF00956154 /* TabBarConroller.swift */; };
		D49756A42C3EC0F00074648D /* AchievementCollectionView.swift in Sources */ = {isa = PBXBuildFile; fileRef = D49756A32C3EC0F00074648D /* AchievementCollectionView.swift */; };
		D49756A62C3F085B0074648D /* UserStubs.swift in Sources */ = {isa = PBXBuildFile; fileRef = D49756A52C3F085B0074648D /* UserStubs.swift */; };
		D4B0AE752C3703EF008435BF /* SignInController.swift in Sources */ = {isa = PBXBuildFile; fileRef = D4B0AE742C3703EF008435BF /* SignInController.swift */; };
		D4B0AE782C3705E8008435BF /* LoginUserInfo.swift in Sources */ = {isa = PBXBuildFile; fileRef = D4B0AE772C3705E8008435BF /* LoginUserInfo.swift */; };
		D4C122D82C39723700DD35D3 /* CreateEventViewController.swift in Sources */ = {isa = PBXBuildFile; fileRef = D4C122D72C39723700DD35D3 /* CreateEventViewController.swift */; };
		D4C122DA2C39724600DD35D3 /* CreateEventView.swift in Sources */ = {isa = PBXBuildFile; fileRef = D4C122D92C39724600DD35D3 /* CreateEventView.swift */; };
		D4C122DD2C39B4D800DD35D3 /* EventInfoView.swift in Sources */ = {isa = PBXBuildFile; fileRef = D4C122DC2C39B4D800DD35D3 /* EventInfoView.swift */; };
		D4C122DF2C39B4E600DD35D3 /* EventInfoViewController.swift in Sources */ = {isa = PBXBuildFile; fileRef = D4C122DE2C39B4E600DD35D3 /* EventInfoViewController.swift */; };
		D4C6E8D62C3A806800CBA8E4 /* AccountViewController.swift in Sources */ = {isa = PBXBuildFile; fileRef = D4C6E8D52C3A806800CBA8E4 /* AccountViewController.swift */; };
		D4C6E8D82C3A807400CBA8E4 /* AccountView.swift in Sources */ = {isa = PBXBuildFile; fileRef = D4C6E8D72C3A807400CBA8E4 /* AccountView.swift */; };
		D4E3FDE52C3C58FA00CA785F /* EventModel.swift in Sources */ = {isa = PBXBuildFile; fileRef = D4E3FDE42C3C58FA00CA785F /* EventModel.swift */; };
		D4E3FDE82C3C599F00CA785F /* EventsStubs.swift in Sources */ = {isa = PBXBuildFile; fileRef = D4E3FDE72C3C599F00CA785F /* EventsStubs.swift */; };
/* End PBXBuildFile section */

/* Begin PBXCopyFilesBuildPhase section */
		D434C4E32C36B65B007E9F75 /* Embed Frameworks */ = {
			isa = PBXCopyFilesBuildPhase;
			buildActionMask = 2147483647;
			dstPath = "";
			dstSubfolderSpec = 10;
			files = (
				526AF8692C405410001B128D /* SnapKit-Dynamic in Embed Frameworks */,
			);
			name = "Embed Frameworks";
			runOnlyForDeploymentPostprocessing = 0;
		};
/* End PBXCopyFilesBuildPhase section */

/* Begin PBXFileReference section */
		528D8EFF2C32EF2A00044B79 /* T-Badge.app */ = {isa = PBXFileReference; explicitFileType = wrapper.application; includeInIndex = 0; path = "T-Badge.app"; sourceTree = BUILT_PRODUCTS_DIR; };
		528D8F022C32EF2A00044B79 /* AppDelegate.swift */ = {isa = PBXFileReference; lastKnownFileType = sourcecode.swift; path = AppDelegate.swift; sourceTree = "<group>"; };
		528D8F042C32EF2A00044B79 /* SceneDelegate.swift */ = {isa = PBXFileReference; lastKnownFileType = sourcecode.swift; path = SceneDelegate.swift; sourceTree = "<group>"; };
		528D8F0B2C32EF2D00044B79 /* Assets.xcassets */ = {isa = PBXFileReference; lastKnownFileType = folder.assetcatalog; path = Assets.xcassets; sourceTree = "<group>"; };
		528D8F0E2C32EF2D00044B79 /* Base */ = {isa = PBXFileReference; lastKnownFileType = file.storyboard; name = Base; path = Base.lproj/LaunchScreen.storyboard; sourceTree = "<group>"; };
		528D8F102C32EF2D00044B79 /* Info.plist */ = {isa = PBXFileReference; lastKnownFileType = text.plist.xml; path = Info.plist; sourceTree = "<group>"; };
		528D8F192C32F28C00044B79 /* FlowCoordinator.swift */ = {isa = PBXFileReference; lastKnownFileType = sourcecode.swift; path = FlowCoordinator.swift; sourceTree = "<group>"; };
		528D8F1B2C32F2BF00044B79 /* AppCoordinator.swift */ = {isa = PBXFileReference; lastKnownFileType = sourcecode.swift; path = AppCoordinator.swift; sourceTree = "<group>"; };
		528D8F1D2C32F2CB00044B79 /* AppAssemble.swift */ = {isa = PBXFileReference; lastKnownFileType = sourcecode.swift; path = AppAssemble.swift; sourceTree = "<group>"; };
		528D8F212C32F5D000044B79 /* AuthManager.swift */ = {isa = PBXFileReference; lastKnownFileType = sourcecode.swift; path = AuthManager.swift; sourceTree = "<group>"; };
		528D8F272C32F76F00044B79 /* LoginViewController.swift */ = {isa = PBXFileReference; lastKnownFileType = sourcecode.swift; path = LoginViewController.swift; sourceTree = "<group>"; };
		528D8F432C3685D000044B79 /* KeychainManager.swift */ = {isa = PBXFileReference; lastKnownFileType = sourcecode.swift; path = KeychainManager.swift; sourceTree = "<group>"; };
		D42F4EF82C37F8020085ECCA /* LoginView.swift */ = {isa = PBXFileReference; lastKnownFileType = sourcecode.swift; path = LoginView.swift; sourceTree = "<group>"; };
		D42F4EFA2C381CA90085ECCA /* SignInView.swift */ = {isa = PBXFileReference; fileEncoding = 4; lastKnownFileType = sourcecode.swift; path = SignInView.swift; sourceTree = "<group>"; };
		D42F4EFC2C381ED20085ECCA /* SignInUserInfo.swift */ = {isa = PBXFileReference; fileEncoding = 4; lastKnownFileType = sourcecode.swift; path = SignInUserInfo.swift; sourceTree = "<group>"; };
		D44163072C3C606700709BB6 /* InfoList.swift */ = {isa = PBXFileReference; lastKnownFileType = sourcecode.swift; path = InfoList.swift; sourceTree = "<group>"; };
		D44163092C3C62EB00709BB6 /* InfoListSection.swift */ = {isa = PBXFileReference; lastKnownFileType = sourcecode.swift; path = InfoListSection.swift; sourceTree = "<group>"; };
		D44546682C3D562800E32C14 /* UserService.swift */ = {isa = PBXFileReference; fileEncoding = 4; lastKnownFileType = sourcecode.swift; path = UserService.swift; sourceTree = "<group>"; };
		D44546692C3D562800E32C14 /* AuthenticationService.swift */ = {isa = PBXFileReference; fileEncoding = 4; lastKnownFileType = sourcecode.swift; path = AuthenticationService.swift; sourceTree = "<group>"; };
		D445466A2C3D562800E32C14 /* BadgeService.swift */ = {isa = PBXFileReference; fileEncoding = 4; lastKnownFileType = sourcecode.swift; path = BadgeService.swift; sourceTree = "<group>"; };
		D445466B2C3D562800E32C14 /* NetworkService.swift */ = {isa = PBXFileReference; fileEncoding = 4; lastKnownFileType = sourcecode.swift; path = NetworkService.swift; sourceTree = "<group>"; };
		D445466C2C3D562800E32C14 /* ServiceProtocol.swift */ = {isa = PBXFileReference; fileEncoding = 4; lastKnownFileType = sourcecode.swift; path = ServiceProtocol.swift; sourceTree = "<group>"; };
		D44546732C3D6C2700E32C14 /* AuthStubs.swift */ = {isa = PBXFileReference; lastKnownFileType = sourcecode.swift; path = AuthStubs.swift; sourceTree = "<group>"; };
		D45227E42C405279000288B6 /* EventInfoViewCell.swift */ = {isa = PBXFileReference; lastKnownFileType = sourcecode.swift; path = EventInfoViewCell.swift; sourceTree = "<group>"; };
		D45227E72C4052A1000288B6 /* HomeView.swift */ = {isa = PBXFileReference; lastKnownFileType = sourcecode.swift; path = HomeView.swift; sourceTree = "<group>"; };
		D45227E92C4052B7000288B6 /* HomeViewController.swift */ = {isa = PBXFileReference; lastKnownFileType = sourcecode.swift; path = HomeViewController.swift; sourceTree = "<group>"; };
		D4537E632C4050EF00956154 /* TabBarConroller.swift */ = {isa = PBXFileReference; lastKnownFileType = sourcecode.swift; path = TabBarConroller.swift; sourceTree = "<group>"; };
		D49756A32C3EC0F00074648D /* AchievementCollectionView.swift */ = {isa = PBXFileReference; lastKnownFileType = sourcecode.swift; path = AchievementCollectionView.swift; sourceTree = "<group>"; };
		D49756A52C3F085B0074648D /* UserStubs.swift */ = {isa = PBXFileReference; lastKnownFileType = sourcecode.swift; path = UserStubs.swift; sourceTree = "<group>"; };
		D4B0AE742C3703EF008435BF /* SignInController.swift */ = {isa = PBXFileReference; lastKnownFileType = sourcecode.swift; path = SignInController.swift; sourceTree = "<group>"; };
		D4B0AE772C3705E8008435BF /* LoginUserInfo.swift */ = {isa = PBXFileReference; lastKnownFileType = sourcecode.swift; path = LoginUserInfo.swift; sourceTree = "<group>"; };
		D4C122D72C39723700DD35D3 /* CreateEventViewController.swift */ = {isa = PBXFileReference; lastKnownFileType = sourcecode.swift; path = CreateEventViewController.swift; sourceTree = "<group>"; };
		D4C122D92C39724600DD35D3 /* CreateEventView.swift */ = {isa = PBXFileReference; lastKnownFileType = sourcecode.swift; path = CreateEventView.swift; sourceTree = "<group>"; };
		D4C122DC2C39B4D800DD35D3 /* EventInfoView.swift */ = {isa = PBXFileReference; lastKnownFileType = sourcecode.swift; path = EventInfoView.swift; sourceTree = "<group>"; };
		D4C122DE2C39B4E600DD35D3 /* EventInfoViewController.swift */ = {isa = PBXFileReference; lastKnownFileType = sourcecode.swift; path = EventInfoViewController.swift; sourceTree = "<group>"; };
		D4C6E8D52C3A806800CBA8E4 /* AccountViewController.swift */ = {isa = PBXFileReference; lastKnownFileType = sourcecode.swift; path = AccountViewController.swift; sourceTree = "<group>"; };
		D4C6E8D72C3A807400CBA8E4 /* AccountView.swift */ = {isa = PBXFileReference; lastKnownFileType = sourcecode.swift; path = AccountView.swift; sourceTree = "<group>"; };
		D4E3FDE42C3C58FA00CA785F /* EventModel.swift */ = {isa = PBXFileReference; lastKnownFileType = sourcecode.swift; path = EventModel.swift; sourceTree = "<group>"; };
		D4E3FDE72C3C599F00CA785F /* EventsStubs.swift */ = {isa = PBXFileReference; lastKnownFileType = sourcecode.swift; path = EventsStubs.swift; sourceTree = "<group>"; };
/* End PBXFileReference section */

/* Begin PBXFrameworksBuildPhase section */
		528D8EFC2C32EF2A00044B79 /* Frameworks */ = {
			isa = PBXFrameworksBuildPhase;
			buildActionMask = 2147483647;
			files = (
				526AF8682C405409001B128D /* SnapKit-Dynamic in Frameworks */,
			);
			runOnlyForDeploymentPostprocessing = 0;
		};
/* End PBXFrameworksBuildPhase section */

/* Begin PBXGroup section */
		528D8EF62C32EF2A00044B79 = {
			isa = PBXGroup;
			children = (
				528D8F012C32EF2A00044B79 /* T-Badge */,
				528D8F002C32EF2A00044B79 /* Products */,
			);
			sourceTree = "<group>";
		};
		528D8F002C32EF2A00044B79 /* Products */ = {
			isa = PBXGroup;
			children = (
				528D8EFF2C32EF2A00044B79 /* T-Badge.app */,
			);
			name = Products;
			sourceTree = "<group>";
		};
		528D8F012C32EF2A00044B79 /* T-Badge */ = {
			isa = PBXGroup;
			children = (
				D4E3FDE62C3C598400CA785F /* Stubs */,
				D4E3FDE12C3C587F00CA785F /* DataModels */,
				528D8F162C32F03300044B79 /* Application */,
				528D8F202C32F5B700044B79 /* Managers */,
				528D8F402C36832B00044B79 /* Services&API */,
				528D8F172C32F04200044B79 /* Controllers */,
				528D8F182C32F04D00044B79 /* Other */,
			);
			path = "T-Badge";
			sourceTree = "<group>";
		};
		528D8F162C32F03300044B79 /* Application */ = {
			isa = PBXGroup;
			children = (
				528D8F022C32EF2A00044B79 /* AppDelegate.swift */,
				528D8F042C32EF2A00044B79 /* SceneDelegate.swift */,
				528D8F1F2C32F2FB00044B79 /* Navigation */,
			);
			path = Application;
			sourceTree = "<group>";
		};
		528D8F172C32F04200044B79 /* Controllers */ = {
			isa = PBXGroup;
			children = (
				D44546722C3D680800E32C14 /* AuthFlow */,
				528D8F232C32F74200044B79 /* MainFlow */,
			);
			path = Controllers;
			sourceTree = "<group>";
		};
		528D8F182C32F04D00044B79 /* Other */ = {
			isa = PBXGroup;
			children = (
				528D8F0B2C32EF2D00044B79 /* Assets.xcassets */,
				528D8F0D2C32EF2D00044B79 /* LaunchScreen.storyboard */,
				528D8F102C32EF2D00044B79 /* Info.plist */,
			);
			path = Other;
			sourceTree = "<group>";
		};
		528D8F1F2C32F2FB00044B79 /* Navigation */ = {
			isa = PBXGroup;
			children = (
				528D8F192C32F28C00044B79 /* FlowCoordinator.swift */,
				528D8F1B2C32F2BF00044B79 /* AppCoordinator.swift */,
				528D8F1D2C32F2CB00044B79 /* AppAssemble.swift */,
			);
			path = Navigation;
			sourceTree = "<group>";
		};
		528D8F202C32F5B700044B79 /* Managers */ = {
			isa = PBXGroup;
			children = (
				528D8F212C32F5D000044B79 /* AuthManager.swift */,
				528D8F432C3685D000044B79 /* KeychainManager.swift */,
			);
			path = Managers;
			sourceTree = "<group>";
		};
		528D8F232C32F74200044B79 /* MainFlow */ = {
			isa = PBXGroup;
			children = (
				D4C122DB2C39B4B600DD35D3 /* EventInfoPage */,
				D4C122D62C39721D00DD35D3 /* CreateEventPage */,
				D4FF1F842C388395008F4D63 /* TabNavigation */,
			);
			path = MainFlow;
			sourceTree = "<group>";
		};
		528D8F242C32F74800044B79 /* LoginFlow */ = {
			isa = PBXGroup;
			children = (
				D42F4EF82C37F8020085ECCA /* LoginView.swift */,
				528D8F272C32F76F00044B79 /* LoginViewController.swift */,
				D4B0AE772C3705E8008435BF /* LoginUserInfo.swift */,
			);
			path = LoginFlow;
			sourceTree = "<group>";
		};
		528D8F402C36832B00044B79 /* Services&API */ = {
			isa = PBXGroup;
			children = (
				D44546672C3D562800E32C14 /* Internal */,
				D445466B2C3D562800E32C14 /* NetworkService.swift */,
				D445466C2C3D562800E32C14 /* ServiceProtocol.swift */,
			);
			path = "Services&API";
			sourceTree = "<group>";
		};
		D44546672C3D562800E32C14 /* Internal */ = {
			isa = PBXGroup;
			children = (
				D44546682C3D562800E32C14 /* UserService.swift */,
				D44546692C3D562800E32C14 /* AuthenticationService.swift */,
				D445466A2C3D562800E32C14 /* BadgeService.swift */,
			);
			path = Internal;
			sourceTree = "<group>";
		};
		D44546722C3D680800E32C14 /* AuthFlow */ = {
			isa = PBXGroup;
			children = (
				528D8F242C32F74800044B79 /* LoginFlow */,
				D4B0AE732C3703B6008435BF /* SignInFlow */,
			);
			path = AuthFlow;
			sourceTree = "<group>";
		};
		D45227E32C405261000288B6 /* HomePage */ = {
			isa = PBXGroup;
			children = (
				D45227E92C4052B7000288B6 /* HomeViewController.swift */,
				D45227E42C405279000288B6 /* EventInfoViewCell.swift */,
				D45227E72C4052A1000288B6 /* HomeView.swift */,
			);
			path = HomePage;
			sourceTree = "<group>";
		};
		D4B0AE732C3703B6008435BF /* SignInFlow */ = {
			isa = PBXGroup;
			children = (
				D4B0AE742C3703EF008435BF /* SignInController.swift */,
				D42F4EFC2C381ED20085ECCA /* SignInUserInfo.swift */,
				D42F4EFA2C381CA90085ECCA /* SignInView.swift */,
			);
			path = SignInFlow;
			sourceTree = "<group>";
		};
		D4C122D62C39721D00DD35D3 /* CreateEventPage */ = {
			isa = PBXGroup;
			children = (
				D4C122D72C39723700DD35D3 /* CreateEventViewController.swift */,
				D4C122D92C39724600DD35D3 /* CreateEventView.swift */,
			);
			path = CreateEventPage;
			sourceTree = "<group>";
		};
		D4C122DB2C39B4B600DD35D3 /* EventInfoPage */ = {
			isa = PBXGroup;
			children = (
				D4C122DC2C39B4D800DD35D3 /* EventInfoView.swift */,
				D4C122DE2C39B4E600DD35D3 /* EventInfoViewController.swift */,
				D44163072C3C606700709BB6 /* InfoList.swift */,
				D44163092C3C62EB00709BB6 /* InfoListSection.swift */,
			);
			path = EventInfoPage;
			sourceTree = "<group>";
		};
		D4C6E8D42C3A804700CBA8E4 /* AccountPage */ = {
			isa = PBXGroup;
			children = (
				D4C6E8D52C3A806800CBA8E4 /* AccountViewController.swift */,
				D4C6E8D72C3A807400CBA8E4 /* AccountView.swift */,
				D49756A32C3EC0F00074648D /* AchievementCollectionView.swift */,
			);
			path = AccountPage;
			sourceTree = "<group>";
		};
		D4E3FDE12C3C587F00CA785F /* DataModels */ = {
			isa = PBXGroup;
			children = (
				D4E3FDE42C3C58FA00CA785F /* EventModel.swift */,
			);
			path = DataModels;
			sourceTree = "<group>";
		};
		D4E3FDE62C3C598400CA785F /* Stubs */ = {
			isa = PBXGroup;
			children = (
				D4E3FDE72C3C599F00CA785F /* EventsStubs.swift */,
				D44546732C3D6C2700E32C14 /* AuthStubs.swift */,
				D49756A52C3F085B0074648D /* UserStubs.swift */,
			);
			path = Stubs;
			sourceTree = "<group>";
		};
		D4FF1F842C388395008F4D63 /* TabNavigation */ = {
			isa = PBXGroup;
			children = (
				D45227E32C405261000288B6 /* HomePage */,
				D4C6E8D42C3A804700CBA8E4 /* AccountPage */,
				D4537E632C4050EF00956154 /* TabBarConroller.swift */,
			);
			path = TabNavigation;
			sourceTree = "<group>";
		};
/* End PBXGroup section */

/* Begin PBXNativeTarget section */
		528D8EFE2C32EF2A00044B79 /* T-Badge */ = {
			isa = PBXNativeTarget;
			buildConfigurationList = 528D8F132C32EF2D00044B79 /* Build configuration list for PBXNativeTarget "T-Badge" */;
			buildPhases = (
				528D8EFB2C32EF2A00044B79 /* Sources */,
				528D8EFC2C32EF2A00044B79 /* Frameworks */,
				528D8EFD2C32EF2A00044B79 /* Resources */,
				D434C4E32C36B65B007E9F75 /* Embed Frameworks */,
			);
			buildRules = (
			);
			dependencies = (
			);
			name = "T-Badge";
			packageProductDependencies = (
				526AF8672C405409001B128D /* SnapKit-Dynamic */,
			);
			productName = "T-Badge";
			productReference = 528D8EFF2C32EF2A00044B79 /* T-Badge.app */;
			productType = "com.apple.product-type.application";
		};
/* End PBXNativeTarget section */

/* Begin PBXProject section */
		528D8EF72C32EF2A00044B79 /* Project object */ = {
			isa = PBXProject;
			attributes = {
				BuildIndependentTargetsInParallel = 1;
				LastSwiftUpdateCheck = 1540;
				LastUpgradeCheck = 1540;
				TargetAttributes = {
					528D8EFE2C32EF2A00044B79 = {
						CreatedOnToolsVersion = 15.4;
					};
				};
			};
			buildConfigurationList = 528D8EFA2C32EF2A00044B79 /* Build configuration list for PBXProject "T-Badge" */;
			compatibilityVersion = "Xcode 14.0";
			developmentRegion = en;
			hasScannedForEncodings = 0;
			knownRegions = (
				en,
				Base,
			);
			mainGroup = 528D8EF62C32EF2A00044B79;
			packageReferences = (
				526AF8662C405409001B128D /* XCRemoteSwiftPackageReference "SnapKit" */,
			);
			productRefGroup = 528D8F002C32EF2A00044B79 /* Products */;
			projectDirPath = "";
			projectRoot = "";
			targets = (
				528D8EFE2C32EF2A00044B79 /* T-Badge */,
			);
		};
/* End PBXProject section */

/* Begin PBXResourcesBuildPhase section */
		528D8EFD2C32EF2A00044B79 /* Resources */ = {
			isa = PBXResourcesBuildPhase;
			buildActionMask = 2147483647;
			files = (
				528D8F0C2C32EF2D00044B79 /* Assets.xcassets in Resources */,
				528D8F0F2C32EF2D00044B79 /* Base in Resources */,
			);
			runOnlyForDeploymentPostprocessing = 0;
		};
/* End PBXResourcesBuildPhase section */

/* Begin PBXSourcesBuildPhase section */
		528D8EFB2C32EF2A00044B79 /* Sources */ = {
			isa = PBXSourcesBuildPhase;
			buildActionMask = 2147483647;
			files = (
				D45227EA2C4052B7000288B6 /* HomeViewController.swift in Sources */,
				D445466D2C3D562800E32C14 /* UserService.swift in Sources */,
				528D8F1A2C32F28C00044B79 /* FlowCoordinator.swift in Sources */,
				528D8F2B2C32F76F00044B79 /* LoginViewController.swift in Sources */,
				D4C122DA2C39724600DD35D3 /* CreateEventView.swift in Sources */,
				D4C6E8D82C3A807400CBA8E4 /* AccountView.swift in Sources */,
				D49756A42C3EC0F00074648D /* AchievementCollectionView.swift in Sources */,
				528D8F222C32F5D000044B79 /* AuthManager.swift in Sources */,
				528D8F442C3685D000044B79 /* KeychainManager.swift in Sources */,
				D4E3FDE52C3C58FA00CA785F /* EventModel.swift in Sources */,
				D4C6E8D62C3A806800CBA8E4 /* AccountViewController.swift in Sources */,
				D45227E52C405279000288B6 /* EventInfoViewCell.swift in Sources */,
				528D8F1C2C32F2BF00044B79 /* AppCoordinator.swift in Sources */,
				D49756A62C3F085B0074648D /* UserStubs.swift in Sources */,
				528D8F1E2C32F2CB00044B79 /* AppAssemble.swift in Sources */,
				D42F4EFD2C381ED20085ECCA /* SignInUserInfo.swift in Sources */,
				D4E3FDE82C3C599F00CA785F /* EventsStubs.swift in Sources */,
				D4B0AE782C3705E8008435BF /* LoginUserInfo.swift in Sources */,
				D445466E2C3D562800E32C14 /* AuthenticationService.swift in Sources */,
				D441630A2C3C62EB00709BB6 /* InfoListSection.swift in Sources */,
				D4C122DD2C39B4D800DD35D3 /* EventInfoView.swift in Sources */,
				D44546712C3D562800E32C14 /* ServiceProtocol.swift in Sources */,
				D45227E82C4052A1000288B6 /* HomeView.swift in Sources */,
				D42F4EFB2C381CA90085ECCA /* SignInView.swift in Sources */,
				D44163082C3C606700709BB6 /* InfoList.swift in Sources */,
				D44546742C3D6C2700E32C14 /* AuthStubs.swift in Sources */,
				D4B0AE752C3703EF008435BF /* SignInController.swift in Sources */,
				D4C122D82C39723700DD35D3 /* CreateEventViewController.swift in Sources */,
				D4537E642C4050EF00956154 /* TabBarConroller.swift in Sources */,
				D42F4EF92C37F8020085ECCA /* LoginView.swift in Sources */,
				D4C122DF2C39B4E600DD35D3 /* EventInfoViewController.swift in Sources */,
				528D8F032C32EF2A00044B79 /* AppDelegate.swift in Sources */,
				D44546702C3D562800E32C14 /* NetworkService.swift in Sources */,
				528D8F052C32EF2A00044B79 /* SceneDelegate.swift in Sources */,
				D445466F2C3D562800E32C14 /* BadgeService.swift in Sources */,
			);
			runOnlyForDeploymentPostprocessing = 0;
		};
/* End PBXSourcesBuildPhase section */

/* Begin PBXVariantGroup section */
		528D8F0D2C32EF2D00044B79 /* LaunchScreen.storyboard */ = {
			isa = PBXVariantGroup;
			children = (
				528D8F0E2C32EF2D00044B79 /* Base */,
			);
			name = LaunchScreen.storyboard;
			sourceTree = "<group>";
		};
/* End PBXVariantGroup section */

/* Begin XCBuildConfiguration section */
		528D8F112C32EF2D00044B79 /* Debug */ = {
			isa = XCBuildConfiguration;
			buildSettings = {
				ALWAYS_SEARCH_USER_PATHS = NO;
				ASSETCATALOG_COMPILER_GENERATE_SWIFT_ASSET_SYMBOL_EXTENSIONS = YES;
				CLANG_ANALYZER_NONNULL = YES;
				CLANG_ANALYZER_NUMBER_OBJECT_CONVERSION = YES_AGGRESSIVE;
				CLANG_CXX_LANGUAGE_STANDARD = "gnu++20";
				CLANG_ENABLE_MODULES = YES;
				CLANG_ENABLE_OBJC_ARC = YES;
				CLANG_ENABLE_OBJC_WEAK = YES;
				CLANG_WARN_BLOCK_CAPTURE_AUTORELEASING = YES;
				CLANG_WARN_BOOL_CONVERSION = YES;
				CLANG_WARN_COMMA = YES;
				CLANG_WARN_CONSTANT_CONVERSION = YES;
				CLANG_WARN_DEPRECATED_OBJC_IMPLEMENTATIONS = YES;
				CLANG_WARN_DIRECT_OBJC_ISA_USAGE = YES_ERROR;
				CLANG_WARN_DOCUMENTATION_COMMENTS = YES;
				CLANG_WARN_EMPTY_BODY = YES;
				CLANG_WARN_ENUM_CONVERSION = YES;
				CLANG_WARN_INFINITE_RECURSION = YES;
				CLANG_WARN_INT_CONVERSION = YES;
				CLANG_WARN_NON_LITERAL_NULL_CONVERSION = YES;
				CLANG_WARN_OBJC_IMPLICIT_RETAIN_SELF = YES;
				CLANG_WARN_OBJC_LITERAL_CONVERSION = YES;
				CLANG_WARN_OBJC_ROOT_CLASS = YES_ERROR;
				CLANG_WARN_QUOTED_INCLUDE_IN_FRAMEWORK_HEADER = YES;
				CLANG_WARN_RANGE_LOOP_ANALYSIS = YES;
				CLANG_WARN_STRICT_PROTOTYPES = YES;
				CLANG_WARN_SUSPICIOUS_MOVE = YES;
				CLANG_WARN_UNGUARDED_AVAILABILITY = YES_AGGRESSIVE;
				CLANG_WARN_UNREACHABLE_CODE = YES;
				CLANG_WARN__DUPLICATE_METHOD_MATCH = YES;
				COPY_PHASE_STRIP = NO;
				DEBUG_INFORMATION_FORMAT = dwarf;
				ENABLE_STRICT_OBJC_MSGSEND = YES;
				ENABLE_TESTABILITY = YES;
				ENABLE_USER_SCRIPT_SANDBOXING = YES;
				GCC_C_LANGUAGE_STANDARD = gnu17;
				GCC_DYNAMIC_NO_PIC = NO;
				GCC_NO_COMMON_BLOCKS = YES;
				GCC_OPTIMIZATION_LEVEL = 0;
				GCC_PREPROCESSOR_DEFINITIONS = (
					"DEBUG=1",
					"$(inherited)",
				);
				GCC_WARN_64_TO_32_BIT_CONVERSION = YES;
				GCC_WARN_ABOUT_RETURN_TYPE = YES_ERROR;
				GCC_WARN_UNDECLARED_SELECTOR = YES;
				GCC_WARN_UNINITIALIZED_AUTOS = YES_AGGRESSIVE;
				GCC_WARN_UNUSED_FUNCTION = YES;
				GCC_WARN_UNUSED_VARIABLE = YES;
				IPHONEOS_DEPLOYMENT_TARGET = 17.5;
				LOCALIZATION_PREFERS_STRING_CATALOGS = YES;
				MTL_ENABLE_DEBUG_INFO = INCLUDE_SOURCE;
				MTL_FAST_MATH = YES;
				ONLY_ACTIVE_ARCH = YES;
				SDKROOT = iphoneos;
				SWIFT_ACTIVE_COMPILATION_CONDITIONS = "DEBUG $(inherited)";
				SWIFT_OPTIMIZATION_LEVEL = "-Onone";
			};
			name = Debug;
		};
		528D8F122C32EF2D00044B79 /* Release */ = {
			isa = XCBuildConfiguration;
			buildSettings = {
				ALWAYS_SEARCH_USER_PATHS = NO;
				ASSETCATALOG_COMPILER_GENERATE_SWIFT_ASSET_SYMBOL_EXTENSIONS = YES;
				CLANG_ANALYZER_NONNULL = YES;
				CLANG_ANALYZER_NUMBER_OBJECT_CONVERSION = YES_AGGRESSIVE;
				CLANG_CXX_LANGUAGE_STANDARD = "gnu++20";
				CLANG_ENABLE_MODULES = YES;
				CLANG_ENABLE_OBJC_ARC = YES;
				CLANG_ENABLE_OBJC_WEAK = YES;
				CLANG_WARN_BLOCK_CAPTURE_AUTORELEASING = YES;
				CLANG_WARN_BOOL_CONVERSION = YES;
				CLANG_WARN_COMMA = YES;
				CLANG_WARN_CONSTANT_CONVERSION = YES;
				CLANG_WARN_DEPRECATED_OBJC_IMPLEMENTATIONS = YES;
				CLANG_WARN_DIRECT_OBJC_ISA_USAGE = YES_ERROR;
				CLANG_WARN_DOCUMENTATION_COMMENTS = YES;
				CLANG_WARN_EMPTY_BODY = YES;
				CLANG_WARN_ENUM_CONVERSION = YES;
				CLANG_WARN_INFINITE_RECURSION = YES;
				CLANG_WARN_INT_CONVERSION = YES;
				CLANG_WARN_NON_LITERAL_NULL_CONVERSION = YES;
				CLANG_WARN_OBJC_IMPLICIT_RETAIN_SELF = YES;
				CLANG_WARN_OBJC_LITERAL_CONVERSION = YES;
				CLANG_WARN_OBJC_ROOT_CLASS = YES_ERROR;
				CLANG_WARN_QUOTED_INCLUDE_IN_FRAMEWORK_HEADER = YES;
				CLANG_WARN_RANGE_LOOP_ANALYSIS = YES;
				CLANG_WARN_STRICT_PROTOTYPES = YES;
				CLANG_WARN_SUSPICIOUS_MOVE = YES;
				CLANG_WARN_UNGUARDED_AVAILABILITY = YES_AGGRESSIVE;
				CLANG_WARN_UNREACHABLE_CODE = YES;
				CLANG_WARN__DUPLICATE_METHOD_MATCH = YES;
				COPY_PHASE_STRIP = NO;
				DEBUG_INFORMATION_FORMAT = "dwarf-with-dsym";
				ENABLE_NS_ASSERTIONS = NO;
				ENABLE_STRICT_OBJC_MSGSEND = YES;
				ENABLE_USER_SCRIPT_SANDBOXING = YES;
				GCC_C_LANGUAGE_STANDARD = gnu17;
				GCC_NO_COMMON_BLOCKS = YES;
				GCC_WARN_64_TO_32_BIT_CONVERSION = YES;
				GCC_WARN_ABOUT_RETURN_TYPE = YES_ERROR;
				GCC_WARN_UNDECLARED_SELECTOR = YES;
				GCC_WARN_UNINITIALIZED_AUTOS = YES_AGGRESSIVE;
				GCC_WARN_UNUSED_FUNCTION = YES;
				GCC_WARN_UNUSED_VARIABLE = YES;
				IPHONEOS_DEPLOYMENT_TARGET = 17.5;
				LOCALIZATION_PREFERS_STRING_CATALOGS = YES;
				MTL_ENABLE_DEBUG_INFO = NO;
				MTL_FAST_MATH = YES;
				SDKROOT = iphoneos;
				SWIFT_COMPILATION_MODE = wholemodule;
				VALIDATE_PRODUCT = YES;
			};
			name = Release;
		};
		528D8F142C32EF2D00044B79 /* Debug */ = {
			isa = XCBuildConfiguration;
			buildSettings = {
				ASSETCATALOG_COMPILER_APPICON_NAME = AppIcon;
				ASSETCATALOG_COMPILER_GLOBAL_ACCENT_COLOR_NAME = AccentColor;
				CODE_SIGN_STYLE = Automatic;
				CURRENT_PROJECT_VERSION = 1;
				DEVELOPMENT_TEAM = 4TK4VKZGYL;
				GENERATE_INFOPLIST_FILE = YES;
				INFOPLIST_FILE = "T-Badge/Other/Info.plist";
				INFOPLIST_KEY_UIApplicationSupportsIndirectInputEvents = YES;
				INFOPLIST_KEY_UILaunchStoryboardName = LaunchScreen;
				INFOPLIST_KEY_UISupportedInterfaceOrientations = UIInterfaceOrientationPortrait;
				INFOPLIST_KEY_UISupportedInterfaceOrientations_iPad = "UIInterfaceOrientationLandscapeLeft UIInterfaceOrientationLandscapeRight UIInterfaceOrientationPortrait UIInterfaceOrientationPortraitUpsideDown";
				IPHONEOS_DEPLOYMENT_TARGET = 15;
				LD_RUNPATH_SEARCH_PATHS = (
					"$(inherited)",
					"@executable_path/Frameworks",
				);
				MARKETING_VERSION = 1.0;
				PRODUCT_BUNDLE_IDENTIFIER = "vanyalk.T-Badge";
				PRODUCT_NAME = "$(TARGET_NAME)";
				SUPPORTED_PLATFORMS = "iphoneos iphonesimulator";
				SUPPORTS_MACCATALYST = NO;
				SUPPORTS_MAC_DESIGNED_FOR_IPHONE_IPAD = NO;
				SUPPORTS_XR_DESIGNED_FOR_IPHONE_IPAD = NO;
				SWIFT_EMIT_LOC_STRINGS = YES;
				SWIFT_VERSION = 5.0;
				TARGETED_DEVICE_FAMILY = 1;
			};
			name = Debug;
		};
		528D8F152C32EF2D00044B79 /* Release */ = {
			isa = XCBuildConfiguration;
			buildSettings = {
				ASSETCATALOG_COMPILER_APPICON_NAME = AppIcon;
				ASSETCATALOG_COMPILER_GLOBAL_ACCENT_COLOR_NAME = AccentColor;
				CODE_SIGN_STYLE = Automatic;
				CURRENT_PROJECT_VERSION = 1;
				DEVELOPMENT_TEAM = 4TK4VKZGYL;
				GENERATE_INFOPLIST_FILE = YES;
				INFOPLIST_FILE = "T-Badge/Other/Info.plist";
				INFOPLIST_KEY_UIApplicationSupportsIndirectInputEvents = YES;
				INFOPLIST_KEY_UILaunchStoryboardName = LaunchScreen;
				INFOPLIST_KEY_UISupportedInterfaceOrientations = UIInterfaceOrientationPortrait;
				INFOPLIST_KEY_UISupportedInterfaceOrientations_iPad = "UIInterfaceOrientationLandscapeLeft UIInterfaceOrientationLandscapeRight UIInterfaceOrientationPortrait UIInterfaceOrientationPortraitUpsideDown";
				IPHONEOS_DEPLOYMENT_TARGET = 15;
				LD_RUNPATH_SEARCH_PATHS = (
					"$(inherited)",
					"@executable_path/Frameworks",
				);
				MARKETING_VERSION = 1.0;
				PRODUCT_BUNDLE_IDENTIFIER = "vanyalk.T-Badge";
				PRODUCT_NAME = "$(TARGET_NAME)";
				SUPPORTED_PLATFORMS = "iphoneos iphonesimulator";
				SUPPORTS_MACCATALYST = NO;
				SUPPORTS_MAC_DESIGNED_FOR_IPHONE_IPAD = NO;
				SUPPORTS_XR_DESIGNED_FOR_IPHONE_IPAD = NO;
				SWIFT_EMIT_LOC_STRINGS = YES;
				SWIFT_VERSION = 5.0;
				TARGETED_DEVICE_FAMILY = 1;
			};
			name = Release;
		};
/* End XCBuildConfiguration section */

/* Begin XCConfigurationList section */
		528D8EFA2C32EF2A00044B79 /* Build configuration list for PBXProject "T-Badge" */ = {
			isa = XCConfigurationList;
			buildConfigurations = (
				528D8F112C32EF2D00044B79 /* Debug */,
				528D8F122C32EF2D00044B79 /* Release */,
			);
			defaultConfigurationIsVisible = 0;
			defaultConfigurationName = Release;
		};
		528D8F132C32EF2D00044B79 /* Build configuration list for PBXNativeTarget "T-Badge" */ = {
			isa = XCConfigurationList;
			buildConfigurations = (
				528D8F142C32EF2D00044B79 /* Debug */,
				528D8F152C32EF2D00044B79 /* Release */,
			);
			defaultConfigurationIsVisible = 0;
			defaultConfigurationName = Release;
		};
/* End XCConfigurationList section */

/* Begin XCRemoteSwiftPackageReference section */
		526AF8662C405409001B128D /* XCRemoteSwiftPackageReference "SnapKit" */ = {
			isa = XCRemoteSwiftPackageReference;
			repositoryURL = "https://github.com/SnapKit/SnapKit.git";
			requirement = {
				kind = upToNextMajorVersion;
				minimumVersion = 5.7.1;
			};
		};
/* End XCRemoteSwiftPackageReference section */

/* Begin XCSwiftPackageProductDependency section */
		526AF8672C405409001B128D /* SnapKit-Dynamic */ = {
			isa = XCSwiftPackageProductDependency;
			package = 526AF8662C405409001B128D /* XCRemoteSwiftPackageReference "SnapKit" */;
			productName = "SnapKit-Dynamic";
		};
/* End XCSwiftPackageProductDependency section */
	};
	rootObject = 528D8EF72C32EF2A00044B79 /* Project object */;
}
